
Microsoft Visual Studio Solution File, Format Version 12.00
# Visual Studio Version 17
VisualStudioVersion = 17.3.32811.315
MinimumVisualStudioVersion = 10.0.40219.1
Project("{FAE04EC0-301F-11D3-BF4B-00C04F79EFBC}") = "Md5Bruteforce", "Md5Bruteforce\Md5Bruteforce.csproj", "{AF24CEB7-E026-4F01-994B-1ABB4743F175}"
EndProject
Global
	GlobalSection(SolutionConfigurationPlatforms) = preSolution
		Debug|Any CPU = Debug|Any CPU
		Release|Any CPU = Release|Any CPU
	EndGlobalSection
	GlobalSection(ProjectConfigurationPlatforms) = postSolution
		{AF24CEB7-E026-4F01-994B-1ABB4743F175}.Debug|Any CPU.ActiveCfg = Debug|Any CPU
		{AF24CEB7-E026-4F01-994B-1ABB4743F175}.Debug|Any CPU.Build.0 = Debug|Any CPU
		{AF24CEB7-E026-4F01-994B-1ABB4743F175}.Release|Any CPU.ActiveCfg = Release|Any CPU
		{AF24CEB7-E026-4F01-994B-1ABB4743F175}.Release|Any CPU.Build.0 = Release|Any CPU
	EndGlobalSection
	GlobalSection(SolutionProperties) = preSolution
		HideSolutionNode = FALSE
	EndGlobalSection
	GlobalSection(ExtensibilityGlobals) = postSolution
		SolutionGuid = {F803D46B-0F43-4842-948C-6D0900AF9525}
	EndGlobalSection
EndGlobal
